
Microsoft Visual Studio Solution File, Format Version 12.00
# Visual Studio Version 17
VisualStudioVersion = 17.7.34031.279
MinimumVisualStudioVersion = 10.0.40219.1
Project("{2150E333-8FDC-42A3-9474-1A3956D46DE8}") = "src", "src", "{C5ECD74F-15FF-4890-B59A-088E644FB804}"
EndProject
Project("{9A19103F-16F7-4668-BE54-9A1E7A4F7556}") = "xmlObjectProvider", "src\xmlProvider\xmlObjectProvider.csproj", "{50D12EFC-4593-4CA5-AF2E-4C0888DB7607}"
EndProject
Project("{2150E333-8FDC-42A3-9474-1A3956D46DE8}") = "Solution Items", "Solution Items", "{065E986C-2E95-46ED-A275-2B715AFE64B0}"
	ProjectSection(SolutionItems) = preProject
		.editorconfig = .editorconfig
	EndProjectSection
EndProject
Project("{FAE04EC0-301F-11D3-BF4B-00C04F79EFBC}") = "TestsApp", "src\TestsApp\TestsApp.csproj", "{69065896-374E-4617-BBE5-7864D536D0AF}"
EndProject
Project("{FAE04EC0-301F-11D3-BF4B-00C04F79EFBC}") = "wireXml", "src\wireXml\wireXml.csproj", "{369F7FDF-2EFA-4ED6-9B66-7792BADF52C1}"
EndProject
Global
	GlobalSection(SolutionConfigurationPlatforms) = preSolution
		Debug|Any CPU = Debug|Any CPU
		Release|Any CPU = Release|Any CPU
	EndGlobalSection
	GlobalSection(ProjectConfigurationPlatforms) = postSolution
		{50D12EFC-4593-4CA5-AF2E-4C0888DB7607}.Debug|Any CPU.ActiveCfg = Debug|Any CPU
		{50D12EFC-4593-4CA5-AF2E-4C0888DB7607}.Debug|Any CPU.Build.0 = Debug|Any CPU
		{50D12EFC-4593-4CA5-AF2E-4C0888DB7607}.Release|Any CPU.ActiveCfg = Release|Any CPU
		{50D12EFC-4593-4CA5-AF2E-4C0888DB7607}.Release|Any CPU.Build.0 = Release|Any CPU
		{69065896-374E-4617-BBE5-7864D536D0AF}.Debug|Any CPU.ActiveCfg = Debug|Any CPU
		{69065896-374E-4617-BBE5-7864D536D0AF}.Debug|Any CPU.Build.0 = Debug|Any CPU
		{69065896-374E-4617-BBE5-7864D536D0AF}.Release|Any CPU.ActiveCfg = Release|Any CPU
		{69065896-374E-4617-BBE5-7864D536D0AF}.Release|Any CPU.Build.0 = Release|Any CPU
		{369F7FDF-2EFA-4ED6-9B66-7792BADF52C1}.Debug|Any CPU.ActiveCfg = Debug|Any CPU
		{369F7FDF-2EFA-4ED6-9B66-7792BADF52C1}.Debug|Any CPU.Build.0 = Debug|Any CPU
		{369F7FDF-2EFA-4ED6-9B66-7792BADF52C1}.Release|Any CPU.ActiveCfg = Release|Any CPU
		{369F7FDF-2EFA-4ED6-9B66-7792BADF52C1}.Release|Any CPU.Build.0 = Release|Any CPU
	EndGlobalSection
	GlobalSection(SolutionProperties) = preSolution
		HideSolutionNode = FALSE
	EndGlobalSection
	GlobalSection(NestedProjects) = preSolution
		{50D12EFC-4593-4CA5-AF2E-4C0888DB7607} = {C5ECD74F-15FF-4890-B59A-088E644FB804}
		{69065896-374E-4617-BBE5-7864D536D0AF} = {C5ECD74F-15FF-4890-B59A-088E644FB804}
		{369F7FDF-2EFA-4ED6-9B66-7792BADF52C1} = {C5ECD74F-15FF-4890-B59A-088E644FB804}
	EndGlobalSection
	GlobalSection(ExtensibilityGlobals) = postSolution
		SolutionGuid = {4867AD80-C122-431D-80E0-300E142557EC}
	EndGlobalSection
EndGlobal
